// !$*UTF8*$!
{
	archiveVersion = 1;
	classes = {
	};
	objectVersion = 46;
	objects = {

/* Begin PBXBuildFile section */
		D6239DF21F542D960011C42A /* AppDelegate.swift in Sources */ = {isa = PBXBuildFile; fileRef = D6239DF11F542D960011C42A /* AppDelegate.swift */; };
		D6239DF41F542D960011C42A /* ViewController.swift in Sources */ = {isa = PBXBuildFile; fileRef = D6239DF31F542D960011C42A /* ViewController.swift */; };
		D6239DF61F542D960011C42A /* Assets.xcassets in Resources */ = {isa = PBXBuildFile; fileRef = D6239DF51F542D960011C42A /* Assets.xcassets */; };
		D6239DF91F542D960011C42A /* Main.storyboard in Resources */ = {isa = PBXBuildFile; fileRef = D6239DF71F542D960011C42A /* Main.storyboard */; };
/* End PBXBuildFile section */

/* Begin PBXFileReference section */
		D6239DEE1F542D960011C42A /* Lockaway.app */ = {isa = PBXFileReference; explicitFileType = wrapper.application; includeInIndex = 0; path = Lockaway.app; sourceTree = BUILT_PRODUCTS_DIR; };
		D6239DF11F542D960011C42A /* AppDelegate.swift */ = {isa = PBXFileReference; lastKnownFileType = sourcecode.swift; path = AppDelegate.swift; sourceTree = "<group>"; };
		D6239DF31F542D960011C42A /* ViewController.swift */ = {isa = PBXFileReference; lastKnownFileType = sourcecode.swift; path = ViewController.swift; sourceTree = "<group>"; };
		D6239DF51F542D960011C42A /* Assets.xcassets */ = {isa = PBXFileReference; lastKnownFileType = folder.assetcatalog; path = Assets.xcassets; sourceTree = "<group>"; };
		D6239DF81F542D960011C42A /* Base */ = {isa = PBXFileReference; lastKnownFileType = file.storyboard; name = Base; path = Base.lproj/Main.storyboard; sourceTree = "<group>"; };
		D6239DFA1F542D960011C42A /* Info.plist */ = {isa = PBXFileReference; lastKnownFileType = text.plist.xml; path = Info.plist; sourceTree = "<group>"; };
/* End PBXFileReference section */

/* Begin PBXFrameworksBuildPhase section */
		D6239DEB1F542D960011C42A /* Frameworks */ = {
			isa = PBXFrameworksBuildPhase;
			buildActionMask = 2147483647;
			files = (
			);
			runOnlyForDeploymentPostprocessing = 0;
		};
/* End PBXFrameworksBuildPhase section */

/* Begin PBXGroup section */
		D6239DE51F542D960011C42A = {
			isa = PBXGroup;
			children = (
				D6239DF01F542D960011C42A /* Lockaway */,
				D6239DEF1F542D960011C42A /* Products */,
			);
			sourceTree = "<group>";
		};
		D6239DEF1F542D960011C42A /* Products */ = {
			isa = PBXGroup;
			children = (
				D6239DEE1F542D960011C42A /* Lockaway.app */,
			);
			name = Products;
			sourceTree = "<group>";
		};
		D6239DF01F542D960011C42A /* Lockaway */ = {
			isa = PBXGroup;
			children = (
				D6239DF11F542D960011C42A /* AppDelegate.swift */,
				D6239DF31F542D960011C42A /* ViewController.swift */,
				D6239DF51F542D960011C42A /* Assets.xcassets */,
				D6239DF71F542D960011C42A /* Main.storyboard */,
				D6239DFA1F542D960011C42A /* Info.plist */,
			);
			path = Lockaway;
			sourceTree = "<group>";
		};
/* End PBXGroup section */

/* Begin PBXNativeTarget section */
		D6239DED1F542D960011C42A /* Lockaway */ = {
			isa = PBXNativeTarget;
			buildConfigurationList = D6239DFD1F542D960011C42A /* Build configuration list for PBXNativeTarget "Lockaway" */;
			buildPhases = (
				D6239DEA1F542D960011C42A /* Sources */,
				D6239DEB1F542D960011C42A /* Frameworks */,
				D6239DEC1F542D960011C42A /* Resources */,
			);
			buildRules = (
			);
			dependencies = (
			);
			name = Lockaway;
			productName = Lockaway;
			productReference = D6239DEE1F542D960011C42A /* Lockaway.app */;
			productType = "com.apple.product-type.application";
		};
/* End PBXNativeTarget section */

/* Begin PBXProject section */
		D6239DE61F542D960011C42A /* Project object */ = {
			isa = PBXProject;
			attributes = {
				LastSwiftUpdateCheck = 0830;
				LastUpgradeCheck = 0830;
				ORGANIZATIONNAME = "Anders Borch";
				TargetAttributes = {
					D6239DED1F542D960011C42A = {
						CreatedOnToolsVersion = 8.3.3;
						DevelopmentTeam = T8GF25SAZN;
						ProvisioningStyle = Automatic;
					};
				};
			};
			buildConfigurationList = D6239DE91F542D960011C42A /* Build configuration list for PBXProject "Lockaway" */;
			compatibilityVersion = "Xcode 3.2";
			developmentRegion = English;
			hasScannedForEncodings = 0;
			knownRegions = (
				en,
				Base,
			);
			mainGroup = D6239DE51F542D960011C42A;
			productRefGroup = D6239DEF1F542D960011C42A /* Products */;
			projectDirPath = "";
			projectRoot = "";
			targets = (
				D6239DED1F542D960011C42A /* Lockaway */,
			);
		};
/* End PBXProject section */

/* Begin PBXResourcesBuildPhase section */
		D6239DEC1F542D960011C42A /* Resources */ = {
			isa = PBXResourcesBuildPhase;
			buildActionMask = 2147483647;
			files = (
				D6239DF61F542D960011C42A /* Assets.xcassets in Resources */,
				D6239DF91F542D960011C42A /* Main.storyboard in Resources */,
			);
			runOnlyForDeploymentPostprocessing = 0;
		};
/* End PBXResourcesBuildPhase section */

/* Begin PBXSourcesBuildPhase section */
		D6239DEA1F542D960011C42A /* Sources */ = {
			isa = PBXSourcesBuildPhase;
			buildActionMask = 2147483647;
			files = (
				D6239DF41F542D960011C42A /* ViewController.swift in Sources */,
				D6239DF21F542D960011C42A /* AppDelegate.swift in Sources */,
			);
			runOnlyForDeploymentPostprocessing = 0;
		};
/* End PBXSourcesBuildPhase section */

/* Begin PBXVariantGroup section */
		D6239DF71F542D960011C42A /* Main.storyboard */ = {
			isa = PBXVariantGroup;
			children = (
				D6239DF81F542D960011C42A /* Base */,
			);
			name = Main.storyboard;
			sourceTree = "<group>";
		};
/* End PBXVariantGroup section */

/* Begin XCBuildConfiguration section */
		D6239DFB1F542D960011C42A /* Debug */ = {
			isa = XCBuildConfiguration;
			buildSettings = {
				ALWAYS_SEARCH_USER_PATHS = NO;
				CLANG_ANALYZER_NONNULL = YES;
				CLANG_ANALYZER_NUMBER_OBJECT_CONVERSION = YES_AGGRESSIVE;
				CLANG_CXX_LANGUAGE_STANDARD = "gnu++0x";
				CLANG_CXX_LIBRARY = "libc++";
				CLANG_ENABLE_MODULES = YES;
				CLANG_ENABLE_OBJC_ARC = YES;
				CLANG_WARN_BOOL_CONVERSION = YES;
				CLANG_WARN_CONSTANT_CONVERSION = YES;
				CLANG_WARN_DIRECT_OBJC_ISA_USAGE = YES_ERROR;
				CLANG_WARN_DOCUMENTATION_COMMENTS = YES;
				CLANG_WARN_EMPTY_BODY = YES;
				CLANG_WARN_ENUM_CONVERSION = YES;
				CLANG_WARN_INFINITE_RECURSION = YES;
				CLANG_WARN_INT_CONVERSION = YES;
				CLANG_WARN_OBJC_ROOT_CLASS = YES_ERROR;
				CLANG_WARN_SUSPICIOUS_MOVE = YES;
				CLANG_WARN_UNREACHABLE_CODE = YES;
				CLANG_WARN__DUPLICATE_METHOD_MATCH = YES;
				CODE_SIGN_IDENTITY = "-";
				COPY_PHASE_STRIP = NO;
				DEBUG_INFORMATION_FORMAT = dwarf;
				ENABLE_STRICT_OBJC_MSGSEND = YES;
				ENABLE_TESTABILITY = YES;
				GCC_C_LANGUAGE_STANDARD = gnu99;
				GCC_DYNAMIC_NO_PIC = NO;
				GCC_NO_COMMON_BLOCKS = YES;
				GCC_OPTIMIZATION_LEVEL = 0;
				GCC_PREPROCESSOR_DEFINITIONS = (
					"DEBUG=1",
					"$(inherited)",
				);
				GCC_WARN_64_TO_32_BIT_CONVERSION = YES;
				GCC_WARN_ABOUT_RETURN_TYPE = YES_ERROR;
				GCC_WARN_UNDECLARED_SELECTOR = YES;
				GCC_WARN_UNINITIALIZED_AUTOS = YES_AGGRESSIVE;
				GCC_WARN_UNUSED_FUNCTION = YES;
				GCC_WARN_UNUSED_VARIABLE = YES;
				MACOSX_DEPLOYMENT_TARGET = 10.12;
				MTL_ENABLE_DEBUG_INFO = YES;
				ONLY_ACTIVE_ARCH = YES;
				SDKROOT = macosx;
				SWIFT_ACTIVE_COMPILATION_CONDITIONS = DEBUG;
				SWIFT_OPTIMIZATION_LEVEL = "-Onone";
			};
			name = Debug;
		};
		D6239DFC1F542D960011C42A /* Release */ = {
			isa = XCBuildConfiguration;
			buildSettings = {
				ALWAYS_SEARCH_USER_PATHS = NO;
				CLANG_ANALYZER_NONNULL = YES;
				CLANG_ANALYZER_NUMBER_OBJECT_CONVERSION = YES_AGGRESSIVE;
				CLANG_CXX_LANGUAGE_STANDARD = "gnu++0x";
				CLANG_CXX_LIBRARY = "libc++";
				CLANG_ENABLE_MODULES = YES;
				CLANG_ENABLE_OBJC_ARC = YES;
				CLANG_WARN_BOOL_CONVERSION = YES;
				CLANG_WARN_CONSTANT_CONVERSION = YES;
				CLANG_WARN_DIRECT_OBJC_ISA_USAGE = YES_ERROR;
				CLANG_WARN_DOCUMENTATION_COMMENTS = YES;
				CLANG_WARN_EMPTY_BODY = YES;
				CLANG_WARN_ENUM_CONVERSION = YES;
				CLANG_WARN_INFINITE_RECURSION = YES;
				CLANG_WARN_INT_CONVERSION = YES;
				CLANG_WARN_OBJC_ROOT_CLASS = YES_ERROR;
				CLANG_WARN_SUSPICIOUS_MOVE = YES;
				CLANG_WARN_UNREACHABLE_CODE = YES;
				CLANG_WARN__DUPLICATE_METHOD_MATCH = YES;
				CODE_SIGN_IDENTITY = "-";
				COPY_PHASE_STRIP = NO;
				DEBUG_INFORMATION_FORMAT = "dwarf-with-dsym";
				ENABLE_NS_ASSERTIONS = NO;
				ENABLE_STRICT_OBJC_MSGSEND = YES;
				GCC_C_LANGUAGE_STANDARD = gnu99;
				GCC_NO_COMMON_BLOCKS = YES;
				GCC_WARN_64_TO_32_BIT_CONVERSION = YES;
				GCC_WARN_ABOUT_RETURN_TYPE = YES_ERROR;
				GCC_WARN_UNDECLARED_SELECTOR = YES;
				GCC_WARN_UNINITIALIZED_AUTOS = YES_AGGRESSIVE;
				GCC_WARN_UNUSED_FUNCTION = YES;
				GCC_WARN_UNUSED_VARIABLE = YES;
				MACOSX_DEPLOYMENT_TARGET = 10.12;
				MTL_ENABLE_DEBUG_INFO = NO;
				SDKROOT = macosx;
				SWIFT_OPTIMIZATION_LEVEL = "-Owholemodule";
			};
			name = Release;
		};
		D6239DFE1F542D960011C42A /* Debug */ = {
			isa = XCBuildConfiguration;
			buildSettings = {
				ASSETCATALOG_COMPILER_APPICON_NAME = AppIcon;
				COMBINE_HIDPI_IMAGES = YES;
				DEVELOPMENT_TEAM = T8GF25SAZN;
				INFOPLIST_FILE = Lockaway/Info.plist;
				LD_RUNPATH_SEARCH_PATHS = "$(inherited) @executable_path/../Frameworks";
				PRODUCT_BUNDLE_IDENTIFIER = com.cyborch.Lockaway;
				PRODUCT_NAME = "$(TARGET_NAME)";
				SWIFT_VERSION = 3.0;
			};
			name = Debug;
		};
		D6239DFF1F542D960011C42A /* Release */ = {
			isa = XCBuildConfiguration;
			buildSettings = {
				ASSETCATALOG_COMPILER_APPICON_NAME = AppIcon;
				COMBINE_HIDPI_IMAGES = YES;
				DEVELOPMENT_TEAM = T8GF25SAZN;
				INFOPLIST_FILE = Lockaway/Info.plist;
				LD_RUNPATH_SEARCH_PATHS = "$(inherited) @executable_path/../Frameworks";
				PRODUCT_BUNDLE_IDENTIFIER = com.cyborch.Lockaway;
				PRODUCT_NAME = "$(TARGET_NAME)";
				SWIFT_VERSION = 3.0;
			};
			name = Release;
		};
/* End XCBuildConfiguration section */

/* Begin XCConfigurationList section */
		D6239DE91F542D960011C42A /* Build configuration list for PBXProject "Lockaway" */ = {
			isa = XCConfigurationList;
			buildConfigurations = (
				D6239DFB1F542D960011C42A /* Debug */,
				D6239DFC1F542D960011C42A /* Release */,
			);
			defaultConfigurationIsVisible = 0;
			defaultConfigurationName = Release;
		};
		D6239DFD1F542D960011C42A /* Build configuration list for PBXNativeTarget "Lockaway" */ = {
			isa = XCConfigurationList;
			buildConfigurations = (
				D6239DFE1F542D960011C42A /* Debug */,
				D6239DFF1F542D960011C42A /* Release */,
			);
			defaultConfigurationIsVisible = 0;
		};
/* End XCConfigurationList section */
	};
	rootObject = D6239DE61F542D960011C42A /* Project object */;
}
